
Microsoft Visual Studio Solution File, Format Version 12.00
# Visual Studio Version 17
VisualStudioVersion = 17.7.34009.444
MinimumVisualStudioVersion = 10.0.40219.1
Project("{2150E333-8FDC-42A3-9474-1A3956D46DE8}") = "FrontEnd", "FrontEnd", "{0027DB23-540F-41ED-81A5-9F61063CA9D5}"
EndProject
Project("{FAE04EC0-301F-11D3-BF4B-00C04F79EFBC}") = "Mango.Web", "Mango.Web\Mango.Web.csproj", "{6AB571EB-2E9C-46F2-B14C-9E11D7BF9C71}"
EndProject
Project("{2150E333-8FDC-42A3-9474-1A3956D46DE8}") = "Sevices", "Sevices", "{AA30C57E-718D-4229-9A69-A627FBCE8418}"
EndProject
Project("{FAE04EC0-301F-11D3-BF4B-00C04F79EFBC}") = "Mango.Services.ProductAPI", "Mango.Services.ProductAPI\Mango.Services.ProductAPI.csproj", "{CDB80095-7FE8-4098-B3CE-AC82631CEF3D}"
EndProject
Global
	GlobalSection(SolutionConfigurationPlatforms) = preSolution
		Debug|Any CPU = Debug|Any CPU
		Release|Any CPU = Release|Any CPU
	EndGlobalSection
	GlobalSection(ProjectConfigurationPlatforms) = postSolution
		{6AB571EB-2E9C-46F2-B14C-9E11D7BF9C71}.Debug|Any CPU.ActiveCfg = Debug|Any CPU
		{6AB571EB-2E9C-46F2-B14C-9E11D7BF9C71}.Debug|Any CPU.Build.0 = Debug|Any CPU
		{6AB571EB-2E9C-46F2-B14C-9E11D7BF9C71}.Release|Any CPU.ActiveCfg = Release|Any CPU
		{6AB571EB-2E9C-46F2-B14C-9E11D7BF9C71}.Release|Any CPU.Build.0 = Release|Any CPU
		{CDB80095-7FE8-4098-B3CE-AC82631CEF3D}.Debug|Any CPU.ActiveCfg = Debug|Any CPU
		{CDB80095-7FE8-4098-B3CE-AC82631CEF3D}.Debug|Any CPU.Build.0 = Debug|Any CPU
		{CDB80095-7FE8-4098-B3CE-AC82631CEF3D}.Release|Any CPU.ActiveCfg = Release|Any CPU
		{CDB80095-7FE8-4098-B3CE-AC82631CEF3D}.Release|Any CPU.Build.0 = Release|Any CPU
	EndGlobalSection
	GlobalSection(SolutionProperties) = preSolution
		HideSolutionNode = FALSE
	EndGlobalSection
	GlobalSection(NestedProjects) = preSolution
		{6AB571EB-2E9C-46F2-B14C-9E11D7BF9C71} = {0027DB23-540F-41ED-81A5-9F61063CA9D5}
		{CDB80095-7FE8-4098-B3CE-AC82631CEF3D} = {AA30C57E-718D-4229-9A69-A627FBCE8418}
	EndGlobalSection
	GlobalSection(ExtensibilityGlobals) = postSolution
		SolutionGuid = {6E69DFC7-F1B7-47F2-909D-43EF896E2B89}
	EndGlobalSection
EndGlobal
